
Microsoft Visual Studio Solution File, Format Version 12.00
# Visual Studio 15
VisualStudioVersion = 15.0.27004.2005
MinimumVisualStudioVersion = 10.0.40219.1
Project("{9A19103F-16F7-4668-BE54-9A1E7A4F7556}") = "InvestmentProject", "InvestmentProject\InvestmentProject.csproj", "{64C0258B-4642-45D9-8290-9083E3115EBC}"
EndProject
Project("{9A19103F-16F7-4668-BE54-9A1E7A4F7556}") = "InvestmentProjectTests", "InvestmentProjectTests\InvestmentProjectTests.csproj", "{C2472EBC-09BC-4740-A54B-979AD2986908}"
EndProject
Global
	GlobalSection(SolutionConfigurationPlatforms) = preSolution
		Debug|Any CPU = Debug|Any CPU
		Release|Any CPU = Release|Any CPU
	EndGlobalSection
	GlobalSection(ProjectConfigurationPlatforms) = postSolution
		{64C0258B-4642-45D9-8290-9083E3115EBC}.Debug|Any CPU.ActiveCfg = Debug|Any CPU
		{64C0258B-4642-45D9-8290-9083E3115EBC}.Debug|Any CPU.Build.0 = Debug|Any CPU
		{64C0258B-4642-45D9-8290-9083E3115EBC}.Release|Any CPU.ActiveCfg = Release|Any CPU
		{64C0258B-4642-45D9-8290-9083E3115EBC}.Release|Any CPU.Build.0 = Release|Any CPU
		{C2472EBC-09BC-4740-A54B-979AD2986908}.Debug|Any CPU.ActiveCfg = Debug|Any CPU
		{C2472EBC-09BC-4740-A54B-979AD2986908}.Debug|Any CPU.Build.0 = Debug|Any CPU
		{C2472EBC-09BC-4740-A54B-979AD2986908}.Release|Any CPU.ActiveCfg = Release|Any CPU
		{C2472EBC-09BC-4740-A54B-979AD2986908}.Release|Any CPU.Build.0 = Release|Any CPU
	EndGlobalSection
	GlobalSection(SolutionProperties) = preSolution
		HideSolutionNode = FALSE
	EndGlobalSection
	GlobalSection(ExtensibilityGlobals) = postSolution
		SolutionGuid = {DDCF2A5A-A693-472F-8564-C23A3F7AC9C6}
	EndGlobalSection
EndGlobal
